
Microsoft Visual Studio Solution File, Format Version 12.00
# Visual Studio Version 17
VisualStudioVersion = 17.9.34622.214
MinimumVisualStudioVersion = 10.0.40219.1
Project("{9A19103F-16F7-4668-BE54-9A1E7A4F7556}") = "NET105_Lab6", "NET105_Lab6\NET105_Lab6.csproj", "{AE9F8B2D-8008-4AE1-9BE7-EDEE8CF3253A}"
EndProject
Project("{FAE04EC0-301F-11D3-BF4B-00C04F79EFBC}") = "NET105_Lab6.1", "NET105_Lab6.1\NET105_Lab6.1.csproj", "{022D3687-8BAB-47D2-85B8-CA22B47FF214}"
EndProject
Global
	GlobalSection(SolutionConfigurationPlatforms) = preSolution
		Debug|Any CPU = Debug|Any CPU
		Release|Any CPU = Release|Any CPU
	EndGlobalSection
	GlobalSection(ProjectConfigurationPlatforms) = postSolution
		{AE9F8B2D-8008-4AE1-9BE7-EDEE8CF3253A}.Debug|Any CPU.ActiveCfg = Debug|Any CPU
		{AE9F8B2D-8008-4AE1-9BE7-EDEE8CF3253A}.Debug|Any CPU.Build.0 = Debug|Any CPU
		{AE9F8B2D-8008-4AE1-9BE7-EDEE8CF3253A}.Release|Any CPU.ActiveCfg = Release|Any CPU
		{AE9F8B2D-8008-4AE1-9BE7-EDEE8CF3253A}.Release|Any CPU.Build.0 = Release|Any CPU
		{022D3687-8BAB-47D2-85B8-CA22B47FF214}.Debug|Any CPU.ActiveCfg = Debug|Any CPU
		{022D3687-8BAB-47D2-85B8-CA22B47FF214}.Debug|Any CPU.Build.0 = Debug|Any CPU
		{022D3687-8BAB-47D2-85B8-CA22B47FF214}.Release|Any CPU.ActiveCfg = Release|Any CPU
		{022D3687-8BAB-47D2-85B8-CA22B47FF214}.Release|Any CPU.Build.0 = Release|Any CPU
	EndGlobalSection
	GlobalSection(SolutionProperties) = preSolution
		HideSolutionNode = FALSE
	EndGlobalSection
	GlobalSection(ExtensibilityGlobals) = postSolution
		SolutionGuid = {C0A006D7-69DD-41EE-9611-0F543123FBB9}
	EndGlobalSection
EndGlobal
